Microsoft Visual Studio Solution File, Format Version 11.00
# Visual Studio 2008

Project("{8A94801E-FFC0-8439-A20A-7FA5565C78D2}") = "LetterSea", "Assembly-CSharp-firstpass.csproj", "{B9554A64-DA43-F1E5-03F9-D7D341EDB88E}"
EndProject
Project("{8A94801E-FFC0-8439-A20A-7FA5565C78D2}") = "LetterSea", "Assembly-CSharp.csproj", "{03C51665-3FD3-C951-9EEC-D52B44853736}"
EndProject
Project("{8A94801E-FFC0-8439-A20A-7FA5565C78D2}") = "LetterSea", "Assembly-UnityScript-firstpass.unityproj", "{9861B67A-CD50-948A-AEC4-1E37F016DFC9}"
EndProject
Global
	GlobalSection(SolutionConfigurationPlatforms) = preSolution
		Debug|Any CPU = Debug|Any CPU
		Release|Any CPU = Release|Any CPU
	EndGlobalSection
	GlobalSection(ProjectConfigurationPlatforms) = postSolution
		{B9554A64-DA43-F1E5-03F9-D7D341EDB88E}.Debug|Any CPU.ActiveCfg = Debug|Any CPU
		{B9554A64-DA43-F1E5-03F9-D7D341EDB88E}.Debug|Any CPU.Build.0 = Debug|Any CPU
		{B9554A64-DA43-F1E5-03F9-D7D341EDB88E}.Release|Any CPU.ActiveCfg = Release|Any CPU
		{B9554A64-DA43-F1E5-03F9-D7D341EDB88E}.Release|Any CPU.Build.0 = Release|Any CPU
		{03C51665-3FD3-C951-9EEC-D52B44853736}.Debug|Any CPU.ActiveCfg = Debug|Any CPU
		{03C51665-3FD3-C951-9EEC-D52B44853736}.Debug|Any CPU.Build.0 = Debug|Any CPU
		{03C51665-3FD3-C951-9EEC-D52B44853736}.Release|Any CPU.ActiveCfg = Release|Any CPU
		{03C51665-3FD3-C951-9EEC-D52B44853736}.Release|Any CPU.Build.0 = Release|Any CPU
		{9861B67A-CD50-948A-AEC4-1E37F016DFC9}.Debug|Any CPU.ActiveCfg = Debug|Any CPU
		{9861B67A-CD50-948A-AEC4-1E37F016DFC9}.Debug|Any CPU.Build.0 = Debug|Any CPU
		{9861B67A-CD50-948A-AEC4-1E37F016DFC9}.Release|Any CPU.ActiveCfg = Release|Any CPU
		{9861B67A-CD50-948A-AEC4-1E37F016DFC9}.Release|Any CPU.Build.0 = Release|Any CPU
	EndGlobalSection
	GlobalSection(SolutionProperties) = preSolution
		HideSolutionNode = FALSE
	EndGlobalSection
																																																				GlobalSection(MonoDevelopProperties) = preSolution
		StartupItem = Assembly-CSharp.csproj
		Policies = $0
		$0.TextStylePolicy = $1
		$1.inheritsSet = null
		$1.scope = text/x-csharp
		$0.CSharpFormattingPolicy = $2
		$2.inheritsSet = Mono
		$2.inheritsScope = text/x-csharp
		$2.scope = text/x-csharp
		$0.TextStylePolicy = $3
		$3.FileWidth = 120
		$3.TabWidth = 4
		$3.EolMarker = Unix
		$3.inheritsSet = Mono
		$3.inheritsScope = text/plain
		$3.scope = text/plain
	EndGlobalSection

EndGlobal
